// !$*UTF8*$!
{
	archiveVersion = 1;
	classes = {
	};
	objectVersion = 46;
	objects = {

/* Begin PBXBuildFile section */
		C515938A18D77CAE002EB250 /* Condition.m in Sources */ = {isa = PBXBuildFile; fileRef = C515938918D77CAE002EB250 /* Condition.m */; };
		C515938D18D77CAF002EB250 /* Organ.m in Sources */ = {isa = PBXBuildFile; fileRef = C515938C18D77CAF002EB250 /* Organ.m */; };
		C515939018D77CAF002EB250 /* Slide.m in Sources */ = {isa = PBXBuildFile; fileRef = C515938F18D77CAF002EB250 /* Slide.m */; };
		C5896FD318CDF2620017DCFF /* Foundation.framework in Frameworks */ = {isa = PBXBuildFile; fileRef = C5896FD218CDF2620017DCFF /* Foundation.framework */; };
		C5896FD518CDF2620017DCFF /* CoreGraphics.framework in Frameworks */ = {isa = PBXBuildFile; fileRef = C5896FD418CDF2620017DCFF /* CoreGraphics.framework */; };
		C5896FD718CDF2620017DCFF /* UIKit.framework in Frameworks */ = {isa = PBXBuildFile; fileRef = C5896FD618CDF2620017DCFF /* UIKit.framework */; };
		C5896FD918CDF2620017DCFF /* CoreData.framework in Frameworks */ = {isa = PBXBuildFile; fileRef = C5896FD818CDF2620017DCFF /* CoreData.framework */; };
		C5896FDF18CDF2620017DCFF /* InfoPlist.strings in Resources */ = {isa = PBXBuildFile; fileRef = C5896FDD18CDF2620017DCFF /* InfoPlist.strings */; };
		C5896FE118CDF2620017DCFF /* main.m in Sources */ = {isa = PBXBuildFile; fileRef = C5896FE018CDF2620017DCFF /* main.m */; };
		C5896FE518CDF2620017DCFF /* CDBAppDelegate.m in Sources */ = {isa = PBXBuildFile; fileRef = C5896FE418CDF2620017DCFF /* CDBAppDelegate.m */; };
		C5896FE818CDF2620017DCFF /* CytoDb.xcdatamodeld in Sources */ = {isa = PBXBuildFile; fileRef = C5896FE618CDF2620017DCFF /* CytoDb.xcdatamodeld */; };
		C5896FEA18CDF2620017DCFF /* Images.xcassets in Resources */ = {isa = PBXBuildFile; fileRef = C5896FE918CDF2620017DCFF /* Images.xcassets */; };
		C5896FF118CDF2620017DCFF /* XCTest.framework in Frameworks */ = {isa = PBXBuildFile; fileRef = C5896FF018CDF2620017DCFF /* XCTest.framework */; };
		C5896FF218CDF2620017DCFF /* Foundation.framework in Frameworks */ = {isa = PBXBuildFile; fileRef = C5896FD218CDF2620017DCFF /* Foundation.framework */; };
		C5896FF318CDF2630017DCFF /* UIKit.framework in Frameworks */ = {isa = PBXBuildFile; fileRef = C5896FD618CDF2620017DCFF /* UIKit.framework */; };
		C5896FF418CDF2630017DCFF /* CoreData.framework in Frameworks */ = {isa = PBXBuildFile; fileRef = C5896FD818CDF2620017DCFF /* CoreData.framework */; };
		C5896FFC18CDF2630017DCFF /* InfoPlist.strings in Resources */ = {isa = PBXBuildFile; fileRef = C5896FFA18CDF2630017DCFF /* InfoPlist.strings */; };
		C5896FFE18CDF2630017DCFF /* CytoDbTests.m in Sources */ = {isa = PBXBuildFile; fileRef = C5896FFD18CDF2630017DCFF /* CytoDbTests.m */; };
		C589701818CE01CC0017DCFF /* Main.storyboard in Resources */ = {isa = PBXBuildFile; fileRef = C589701718CE01CC0017DCFF /* Main.storyboard */; };
		C589701B18CE04A50017DCFF /* CDBOrganViewController.m in Sources */ = {isa = PBXBuildFile; fileRef = C589701A18CE04A50017DCFF /* CDBOrganViewController.m */; };
		C589701F18CE5DB50017DCFF /* CDBSlideViewController.m in Sources */ = {isa = PBXBuildFile; fileRef = C589701E18CE5DB50017DCFF /* CDBSlideViewController.m */; };
		C589702518CFC59E0017DCFF /* ImageViewController.m in Sources */ = {isa = PBXBuildFile; fileRef = C589702418CFC59E0017DCFF /* ImageViewController.m */; };
		C589702818D00F760017DCFF /* SlideViewController.m in Sources */ = {isa = PBXBuildFile; fileRef = C589702718D00F760017DCFF /* SlideViewController.m */; };
		C589703018D11CFB0017DCFF /* AudioToolbox.framework in Frameworks */ = {isa = PBXBuildFile; fileRef = C589702F18D11CFB0017DCFF /* AudioToolbox.framework */; };
		C589703218D11D0E0017DCFF /* CFNetwork.framework in Frameworks */ = {isa = PBXBuildFile; fileRef = C589703118D11D0E0017DCFF /* CFNetwork.framework */; };
		C589703418D11D5F0017DCFF /* libz.dylib in Frameworks */ = {isa = PBXBuildFile; fileRef = C589703318D11D5F0017DCFF /* libz.dylib */; };
		C589703618D11D740017DCFF /* MobileCoreServices.framework in Frameworks */ = {isa = PBXBuildFile; fileRef = C589703518D11D740017DCFF /* MobileCoreServices.framework */; };
		C589703818D11E940017DCFF /* CoreLocation.framework in Frameworks */ = {isa = PBXBuildFile; fileRef = C589703718D11E940017DCFF /* CoreLocation.framework */; };
		C589703A18D11EA20017DCFF /* QuartzCore.framework in Frameworks */ = {isa = PBXBuildFile; fileRef = C589703918D11EA20017DCFF /* QuartzCore.framework */; };
		C589703C18D11EAE0017DCFF /* Security.framework in Frameworks */ = {isa = PBXBuildFile; fileRef = C589703B18D11EAE0017DCFF /* Security.framework */; };
		C589704018D11ECA0017DCFF /* SystemConfiguration.framework in Frameworks */ = {isa = PBXBuildFile; fileRef = C589703F18D11EC90017DCFF /* SystemConfiguration.framework */; };
		C5A49D5118DA529100386491 /* icon@2x-01.png in Resources */ = {isa = PBXBuildFile; fileRef = C5A49D5018DA529100386491 /* icon@2x-01.png */; };
		C5CF3BF318EBD04C00F9DCA8 /* ImageIO.framework in Frameworks */ = {isa = PBXBuildFile; fileRef = C5CF3BF218EBD04C00F9DCA8 /* ImageIO.framework */; };
		C5CF3C1318EBD52E00F9DCA8 /* MKAnnotationView+WebCache.m in Sources */ = {isa = PBXBuildFile; fileRef = C5CF3BF718EBD52E00F9DCA8 /* MKAnnotationView+WebCache.m */; };
		C5CF3C1418EBD52E00F9DCA8 /* NSData+ImageContentType.m in Sources */ = {isa = PBXBuildFile; fileRef = C5CF3BF918EBD52E00F9DCA8 /* NSData+ImageContentType.m */; };
		C5CF3C1518EBD52E00F9DCA8 /* SDImageCache.m in Sources */ = {isa = PBXBuildFile; fileRef = C5CF3BFB18EBD52E00F9DCA8 /* SDImageCache.m */; };
		C5CF3C1618EBD52E00F9DCA8 /* SDWebImageCompat.m in Sources */ = {isa = PBXBuildFile; fileRef = C5CF3BFD18EBD52E00F9DCA8 /* SDWebImageCompat.m */; };
		C5CF3C1718EBD52E00F9DCA8 /* SDWebImageDecoder.m in Sources */ = {isa = PBXBuildFile; fileRef = C5CF3BFF18EBD52E00F9DCA8 /* SDWebImageDecoder.m */; };
		C5CF3C1818EBD52E00F9DCA8 /* SDWebImageDownloader.m in Sources */ = {isa = PBXBuildFile; fileRef = C5CF3C0118EBD52E00F9DCA8 /* SDWebImageDownloader.m */; };
		C5CF3C1918EBD52E00F9DCA8 /* SDWebImageDownloaderOperation.m in Sources */ = {isa = PBXBuildFile; fileRef = C5CF3C0318EBD52E00F9DCA8 /* SDWebImageDownloaderOperation.m */; };
		C5CF3C1A18EBD52E00F9DCA8 /* SDWebImageManager.m in Sources */ = {isa = PBXBuildFile; fileRef = C5CF3C0518EBD52E00F9DCA8 /* SDWebImageManager.m */; };
		C5CF3C1B18EBD52E00F9DCA8 /* SDWebImagePrefetcher.m in Sources */ = {isa = PBXBuildFile; fileRef = C5CF3C0818EBD52E00F9DCA8 /* SDWebImagePrefetcher.m */; };
		C5CF3C1C18EBD52E00F9DCA8 /* UIButton+WebCache.m in Sources */ = {isa = PBXBuildFile; fileRef = C5CF3C0A18EBD52E00F9DCA8 /* UIButton+WebCache.m */; };
		C5CF3C1D18EBD52E00F9DCA8 /* UIImage+GIF.m in Sources */ = {isa = PBXBuildFile; fileRef = C5CF3C0C18EBD52E00F9DCA8 /* UIImage+GIF.m */; };
		C5CF3C1E18EBD52E00F9DCA8 /* UIImage+MultiFormat.m in Sources */ = {isa = PBXBuildFile; fileRef = C5CF3C0E18EBD52E00F9DCA8 /* UIImage+MultiFormat.m */; };
		C5CF3C1F18EBD52E00F9DCA8 /* UIImage+WebP.m in Sources */ = {isa = PBXBuildFile; fileRef = C5CF3C1018EBD52E00F9DCA8 /* UIImage+WebP.m */; };
		C5CF3C2018EBD52E00F9DCA8 /* UIImageView+WebCache.m in Sources */ = {isa = PBXBuildFile; fileRef = C5CF3C1218EBD52E00F9DCA8 /* UIImageView+WebCache.m */; };
		C5CF3C2318EC587100F9DCA8 /* placeholder.png in Resources */ = {isa = PBXBuildFile; fileRef = C5CF3C2218EC587100F9DCA8 /* placeholder.png */; };
		C5CF3C2618F5B5BE00F9DCA8 /* Features.m in Sources */ = {isa = PBXBuildFile; fileRef = C5CF3C2518F5B5BE00F9DCA8 /* Features.m */; };
		C5CF3C2E190038CE00F9DCA8 /* tutorial.png in Resources */ = {isa = PBXBuildFile; fileRef = C5CF3C2D190038CE00F9DCA8 /* tutorial.png */; };
		C5CF3C301900605100F9DCA8 /* page1Tutorial.png in Resources */ = {isa = PBXBuildFile; fileRef = C5CF3C2F1900605100F9DCA8 /* page1Tutorial.png */; };
		C5CF3C34190065B100F9DCA8 /* tutorialPage2.png in Resources */ = {isa = PBXBuildFile; fileRef = C5CF3C33190065B100F9DCA8 /* tutorialPage2.png */; };
		C5CF3C371900756000F9DCA8 /* Reachability.m in Sources */ = {isa = PBXBuildFile; fileRef = C5CF3C361900756000F9DCA8 /* Reachability.m */; };
/* End PBXBuildFile section */

/* Begin PBXContainerItemProxy section */
		C5896FF518CDF2630017DCFF /* PBXContainerItemProxy */ = {
			isa = PBXContainerItemProxy;
			containerPortal = C5896FC718CDF2620017DCFF /* Project object */;
			proxyType = 1;
			remoteGlobalIDString = C5896FCE18CDF2620017DCFF;
			remoteInfo = CytoDb;
		};
/* End PBXContainerItemProxy section */

/* Begin PBXFileReference section */
		C515938818D77CAE002EB250 /* Condition.h */ = {isa = PBXFileReference; fileEncoding = 4; lastKnownFileType = sourcecode.c.h; path = Condition.h; sourceTree = "<group>"; };
		C515938918D77CAE002EB250 /* Condition.m */ = {isa = PBXFileReference; fileEncoding = 4; lastKnownFileType = sourcecode.c.objc; path = Condition.m; sourceTree = "<group>"; };
		C515938B18D77CAF002EB250 /* Organ.h */ = {isa = PBXFileReference; fileEncoding = 4; lastKnownFileType = sourcecode.c.h; path = Organ.h; sourceTree = "<group>"; };
		C515938C18D77CAF002EB250 /* Organ.m */ = {isa = PBXFileReference; fileEncoding = 4; lastKnownFileType = sourcecode.c.objc; path = Organ.m; sourceTree = "<group>"; };
		C515938E18D77CAF002EB250 /* Slide.h */ = {isa = PBXFileReference; fileEncoding = 4; lastKnownFileType = sourcecode.c.h; path = Slide.h; sourceTree = "<group>"; };
		C515938F18D77CAF002EB250 /* Slide.m */ = {isa = PBXFileReference; fileEncoding = 4; lastKnownFileType = sourcecode.c.objc; path = Slide.m; sourceTree = "<group>"; };
		C5218E021901BC46003478DB /* CytoDb.entitlements */ = {isa = PBXFileReference; lastKnownFileType = text.xml; path = CytoDb.entitlements; sourceTree = "<group>"; };
		C5896FCF18CDF2620017DCFF /* CytoDb.app */ = {isa = PBXFileReference; explicitFileType = wrapper.application; includeInIndex = 0; path = CytoDb.app; sourceTree = BUILT_PRODUCTS_DIR; };
		C5896FD218CDF2620017DCFF /* Foundation.framework */ = {isa = PBXFileReference; lastKnownFileType = wrapper.framework; name = Foundation.framework; path = System/Library/Frameworks/Foundation.framework; sourceTree = SDKROOT; };
		C5896FD418CDF2620017DCFF /* CoreGraphics.framework */ = {isa = PBXFileReference; lastKnownFileType = wrapper.framework; name = CoreGraphics.framework; path = System/Library/Frameworks/CoreGraphics.framework; sourceTree = SDKROOT; };
		C5896FD618CDF2620017DCFF /* UIKit.framework */ = {isa = PBXFileReference; lastKnownFileType = wrapper.framework; name = UIKit.framework; path = System/Library/Frameworks/UIKit.framework; sourceTree = SDKROOT; };
		C5896FD818CDF2620017DCFF /* CoreData.framework */ = {isa = PBXFileReference; lastKnownFileType = wrapper.framework; name = CoreData.framework; path = System/Library/Frameworks/CoreData.framework; sourceTree = SDKROOT; };
		C5896FDC18CDF2620017DCFF /* CytoDb-Info.plist */ = {isa = PBXFileReference; lastKnownFileType = text.plist.xml; path = "CytoDb-Info.plist"; sourceTree = "<group>"; };
		C5896FDE18CDF2620017DCFF /* en */ = {isa = PBXFileReference; lastKnownFileType = text.plist.strings; name = en; path = en.lproj/InfoPlist.strings; sourceTree = "<group>"; };
		C5896FE018CDF2620017DCFF /* main.m */ = {isa = PBXFileReference; lastKnownFileType = sourcecode.c.objc; path = main.m; sourceTree = "<group>"; };
		C5896FE218CDF2620017DCFF /* CytoDb-Prefix.pch */ = {isa = PBXFileReference; lastKnownFileType = sourcecode.c.h; path = "CytoDb-Prefix.pch"; sourceTree = "<group>"; };
		C5896FE318CDF2620017DCFF /* CDBAppDelegate.h */ = {isa = PBXFileReference; lastKnownFileType = sourcecode.c.h; path = CDBAppDelegate.h; sourceTree = "<group>"; };
		C5896FE418CDF2620017DCFF /* CDBAppDelegate.m */ = {isa = PBXFileReference; lastKnownFileType = sourcecode.c.objc; path = CDBAppDelegate.m; sourceTree = "<group>"; };
		C5896FE718CDF2620017DCFF /* CytoDb.xcdatamodel */ = {isa = PBXFileReference; lastKnownFileType = wrapper.xcdatamodel; path = CytoDb.xcdatamodel; sourceTree = "<group>"; };
		C5896FE918CDF2620017DCFF /* Images.xcassets */ = {isa = PBXFileReference; lastKnownFileType = folder.assetcatalog; path = Images.xcassets; sourceTree = "<group>"; };
		C5896FEF18CDF2620017DCFF /* CytoDbTests.xctest */ = {isa = PBXFileReference; explicitFileType = wrapper.cfbundle; includeInIndex = 0; path = CytoDbTests.xctest; sourceTree = BUILT_PRODUCTS_DIR; };
		C5896FF018CDF2620017DCFF /* XCTest.framework */ = {isa = PBXFileReference; lastKnownFileType = wrapper.framework; name = XCTest.framework; path = Library/Frameworks/XCTest.framework; sourceTree = DEVELOPER_DIR; };
		C5896FF918CDF2630017DCFF /* CytoDbTests-Info.plist */ = {isa = PBXFileReference; lastKnownFileType = text.plist.xml; path = "CytoDbTests-Info.plist"; sourceTree = "<group>"; };
		C5896FFB18CDF2630017DCFF /* en */ = {isa = PBXFileReference; lastKnownFileType = text.plist.strings; name = en; path = en.lproj/InfoPlist.strings; sourceTree = "<group>"; };
		C5896FFD18CDF2630017DCFF /* CytoDbTests.m */ = {isa = PBXFileReference; lastKnownFileType = sourcecode.c.objc; path = CytoDbTests.m; sourceTree = "<group>"; };
		C589701718CE01CC0017DCFF /* Main.storyboard */ = {isa = PBXFileReference; fileEncoding = 4; lastKnownFileType = file.storyboard; path = Main.storyboard; sourceTree = "<group>"; };
		C589701918CE04A50017DCFF /* CDBOrganViewController.h */ = {isa = PBXFileReference; fileEncoding = 4; lastKnownFileType = sourcecode.c.h; path = CDBOrganViewController.h; sourceTree = "<group>"; };
		C589701A18CE04A50017DCFF /* CDBOrganViewController.m */ = {isa = PBXFileReference; fileEncoding = 4; lastKnownFileType = sourcecode.c.objc; path = CDBOrganViewController.m; sourceTree = "<group>"; };
		C589701D18CE5DB50017DCFF /* CDBSlideViewController.h */ = {isa = PBXFileReference; fileEncoding = 4; lastKnownFileType = sourcecode.c.h; path = CDBSlideViewController.h; sourceTree = "<group>"; };
		C589701E18CE5DB50017DCFF /* CDBSlideViewController.m */ = {isa = PBXFileReference; fileEncoding = 4; lastKnownFileType = sourcecode.c.objc; path = CDBSlideViewController.m; sourceTree = "<group>"; };
		C589702318CFC59D0017DCFF /* ImageViewController.h */ = {isa = PBXFileReference; fileEncoding = 4; lastKnownFileType = sourcecode.c.h; path = ImageViewController.h; sourceTree = "<group>"; };
		C589702418CFC59E0017DCFF /* ImageViewController.m */ = {isa = PBXFileReference; fileEncoding = 4; lastKnownFileType = sourcecode.c.objc; path = ImageViewController.m; sourceTree = "<group>"; };
		C589702618D00F760017DCFF /* SlideViewController.h */ = {isa = PBXFileReference; fileEncoding = 4; lastKnownFileType = sourcecode.c.h; path = SlideViewController.h; sourceTree = "<group>"; };
		C589702718D00F760017DCFF /* SlideViewController.m */ = {isa = PBXFileReference; fileEncoding = 4; lastKnownFileType = sourcecode.c.objc; path = SlideViewController.m; sourceTree = "<group>"; };
		C589702F18D11CFB0017DCFF /* AudioToolbox.framework */ = {isa = PBXFileReference; lastKnownFileType = wrapper.framework; name = AudioToolbox.framework; path = System/Library/Frameworks/AudioToolbox.framework; sourceTree = SDKROOT; };
		C589703118D11D0E0017DCFF /* CFNetwork.framework */ = {isa = PBXFileReference; lastKnownFileType = wrapper.framework; name = CFNetwork.framework; path = System/Library/Frameworks/CFNetwork.framework; sourceTree = SDKROOT; };
		C589703318D11D5F0017DCFF /* libz.dylib */ = {isa = PBXFileReference; lastKnownFileType = "compiled.mach-o.dylib"; name = libz.dylib; path = usr/lib/libz.dylib; sourceTree = SDKROOT; };
		C589703518D11D740017DCFF /* MobileCoreServices.framework */ = {isa = PBXFileReference; lastKnownFileType = wrapper.framework; name = MobileCoreServices.framework; path = System/Library/Frameworks/MobileCoreServices.framework; sourceTree = SDKROOT; };
		C589703718D11E940017DCFF /* CoreLocation.framework */ = {isa = PBXFileReference; lastKnownFileType = wrapper.framework; name = CoreLocation.framework; path = System/Library/Frameworks/CoreLocation.framework; sourceTree = SDKROOT; };
		C589703918D11EA20017DCFF /* QuartzCore.framework */ = {isa = PBXFileReference; lastKnownFileType = wrapper.framework; name = QuartzCore.framework; path = System/Library/Frameworks/QuartzCore.framework; sourceTree = SDKROOT; };
		C589703B18D11EAE0017DCFF /* Security.framework */ = {isa = PBXFileReference; lastKnownFileType = wrapper.framework; name = Security.framework; path = System/Library/Frameworks/Security.framework; sourceTree = SDKROOT; };
		C589703F18D11EC90017DCFF /* SystemConfiguration.framework */ = {isa = PBXFileReference; lastKnownFileType = wrapper.framework; name = SystemConfiguration.framework; path = System/Library/Frameworks/SystemConfiguration.framework; sourceTree = SDKROOT; };
		C5A49D5018DA529100386491 /* icon@2x-01.png */ = {isa = PBXFileReference; lastKnownFileType = image.png; path = "icon@2x-01.png"; sourceTree = "<group>"; };
		C5CF3BF218EBD04C00F9DCA8 /* ImageIO.framework */ = {isa = PBXFileReference; lastKnownFileType = wrapper.framework; name = ImageIO.framework; path = System/Library/Frameworks/ImageIO.framework; sourceTree = SDKROOT; };
		C5CF3BF618EBD52E00F9DCA8 /* MKAnnotationView+WebCache.h */ = {isa = PBXFileReference; fileEncoding = 4; lastKnownFileType = sourcecode.c.h; path = "MKAnnotationView+WebCache.h"; sourceTree = "<group>"; };
		C5CF3BF718EBD52E00F9DCA8 /* MKAnnotationView+WebCache.m */ = {isa = PBXFileReference; fileEncoding = 4; lastKnownFileType = sourcecode.c.objc; path = "MKAnnotationView+WebCache.m"; sourceTree = "<group>"; };
		C5CF3BF818EBD52E00F9DCA8 /* NSData+ImageContentType.h */ = {isa = PBXFileReference; fileEncoding = 4; lastKnownFileType = sourcecode.c.h; path = "NSData+ImageContentType.h"; sourceTree = "<group>"; };
		C5CF3BF918EBD52E00F9DCA8 /* NSData+ImageContentType.m */ = {isa = PBXFileReference; fileEncoding = 4; lastKnownFileType = sourcecode.c.objc; path = "NSData+ImageContentType.m"; sourceTree = "<group>"; };
		C5CF3BFA18EBD52E00F9DCA8 /* SDImageCache.h */ = {isa = PBXFileReference; fileEncoding = 4; lastKnownFileType = sourcecode.c.h; path = SDImageCache.h; sourceTree = "<group>"; };
		C5CF3BFB18EBD52E00F9DCA8 /* SDImageCache.m */ = {isa = PBXFileReference; fileEncoding = 4; lastKnownFileType = sourcecode.c.objc; path = SDImageCache.m; sourceTree = "<group>"; };
		C5CF3BFC18EBD52E00F9DCA8 /* SDWebImageCompat.h */ = {isa = PBXFileReference; fileEncoding = 4; lastKnownFileType = sourcecode.c.h; path = SDWebImageCompat.h; sourceTree = "<group>"; };
		C5CF3BFD18EBD52E00F9DCA8 /* SDWebImageCompat.m */ = {isa = PBXFileReference; fileEncoding = 4; lastKnownFileType = sourcecode.c.objc; path = SDWebImageCompat.m; sourceTree = "<group>"; };
		C5CF3BFE18EBD52E00F9DCA8 /* SDWebImageDecoder.h */ = {isa = PBXFileReference; fileEncoding = 4; lastKnownFileType = sourcecode.c.h; path = SDWebImageDecoder.h; sourceTree = "<group>"; };
		C5CF3BFF18EBD52E00F9DCA8 /* SDWebImageDecoder.m */ = {isa = PBXFileReference; fileEncoding = 4; lastKnownFileType = sourcecode.c.objc; path = SDWebImageDecoder.m; sourceTree = "<group>"; };
		C5CF3C0018EBD52E00F9DCA8 /* SDWebImageDownloader.h */ = {isa = PBXFileReference; fileEncoding = 4; lastKnownFileType = sourcecode.c.h; path = SDWebImageDownloader.h; sourceTree = "<group>"; };
		C5CF3C0118EBD52E00F9DCA8 /* SDWebImageDownloader.m */ = {isa = PBXFileReference; fileEncoding = 4; lastKnownFileType = sourcecode.c.objc; path = SDWebImageDownloader.m; sourceTree = "<group>"; };
		C5CF3C0218EBD52E00F9DCA8 /* SDWebImageDownloaderOperation.h */ = {isa = PBXFileReference; fileEncoding = 4; lastKnownFileType = sourcecode.c.h; path = SDWebImageDownloaderOperation.h; sourceTree = "<group>"; };
		C5CF3C0318EBD52E00F9DCA8 /* SDWebImageDownloaderOperation.m */ = {isa = PBXFileReference; fileEncoding = 4; lastKnownFileType = sourcecode.c.objc; path = SDWebImageDownloaderOperation.m; sourceTree = "<group>"; };
		C5CF3C0418EBD52E00F9DCA8 /* SDWebImageManager.h */ = {isa = PBXFileReference; fileEncoding = 4; lastKnownFileType = sourcecode.c.h; path = SDWebImageManager.h; sourceTree = "<group>"; };
		C5CF3C0518EBD52E00F9DCA8 /* SDWebImageManager.m */ = {isa = PBXFileReference; fileEncoding = 4; lastKnownFileType = sourcecode.c.objc; path = SDWebImageManager.m; sourceTree = "<group>"; };
		C5CF3C0618EBD52E00F9DCA8 /* SDWebImageOperation.h */ = {isa = PBXFileReference; fileEncoding = 4; lastKnownFileType = sourcecode.c.h; path = SDWebImageOperation.h; sourceTree = "<group>"; };
		C5CF3C0718EBD52E00F9DCA8 /* SDWebImagePrefetcher.h */ = {isa = PBXFileReference; fileEncoding = 4; lastKnownFileType = sourcecode.c.h; path = SDWebImagePrefetcher.h; sourceTree = "<group>"; };
		C5CF3C0818EBD52E00F9DCA8 /* SDWebImagePrefetcher.m */ = {isa = PBXFileReference; fileEncoding = 4; lastKnownFileType = sourcecode.c.objc; path = SDWebImagePrefetcher.m; sourceTree = "<group>"; };
		C5CF3C0918EBD52E00F9DCA8 /* UIButton+WebCache.h */ = {isa = PBXFileReference; fileEncoding = 4; lastKnownFileType = sourcecode.c.h; path = "UIButton+WebCache.h"; sourceTree = "<group>"; };
		C5CF3C0A18EBD52E00F9DCA8 /* UIButton+WebCache.m */ = {isa = PBXFileReference; fileEncoding = 4; lastKnownFileType = sourcecode.c.objc; path = "UIButton+WebCache.m"; sourceTree = "<group>"; };
		C5CF3C0B18EBD52E00F9DCA8 /* UIImage+GIF.h */ = {isa = PBXFileReference; fileEncoding = 4; lastKnownFileType = sourcecode.c.h; path = "UIImage+GIF.h"; sourceTree = "<group>"; };
		C5CF3C0C18EBD52E00F9DCA8 /* UIImage+GIF.m */ = {isa = PBXFileReference; fileEncoding = 4; lastKnownFileType = sourcecode.c.objc; path = "UIImage+GIF.m"; sourceTree = "<group>"; };
		C5CF3C0D18EBD52E00F9DCA8 /* UIImage+MultiFormat.h */ = {isa = PBXFileReference; fileEncoding = 4; lastKnownFileType = sourcecode.c.h; path = "UIImage+MultiFormat.h"; sourceTree = "<group>"; };
		C5CF3C0E18EBD52E00F9DCA8 /* UIImage+MultiFormat.m */ = {isa = PBXFileReference; fileEncoding = 4; lastKnownFileType = sourcecode.c.objc; path = "UIImage+MultiFormat.m"; sourceTree = "<group>"; };
		C5CF3C0F18EBD52E00F9DCA8 /* UIImage+WebP.h */ = {isa = PBXFileReference; fileEncoding = 4; lastKnownFileType = sourcecode.c.h; path = "UIImage+WebP.h"; sourceTree = "<group>"; };
		C5CF3C1018EBD52E00F9DCA8 /* UIImage+WebP.m */ = {isa = PBXFileReference; fileEncoding = 4; lastKnownFileType = sourcecode.c.objc; path = "UIImage+WebP.m"; sourceTree = "<group>"; };
		C5CF3C1118EBD52E00F9DCA8 /* UIImageView+WebCache.h */ = {isa = PBXFileReference; fileEncoding = 4; lastKnownFileType = sourcecode.c.h; path = "UIImageView+WebCache.h"; sourceTree = "<group>"; };
		C5CF3C1218EBD52E00F9DCA8 /* UIImageView+WebCache.m */ = {isa = PBXFileReference; fileEncoding = 4; lastKnownFileType = sourcecode.c.objc; path = "UIImageView+WebCache.m"; sourceTree = "<group>"; };
		C5CF3C2218EC587100F9DCA8 /* placeholder.png */ = {isa = PBXFileReference; lastKnownFileType = image.png; path = placeholder.png; sourceTree = "<group>"; };
		C5CF3C2418F5B5BE00F9DCA8 /* Features.h */ = {isa = PBXFileReference; fileEncoding = 4; lastKnownFileType = sourcecode.c.h; path = Features.h; sourceTree = "<group>"; };
		C5CF3C2518F5B5BE00F9DCA8 /* Features.m */ = {isa = PBXFileReference; fileEncoding = 4; lastKnownFileType = sourcecode.c.objc; path = Features.m; sourceTree = "<group>"; };
		C5CF3C2D190038CE00F9DCA8 /* tutorial.png */ = {isa = PBXFileReference; lastKnownFileType = image.png; path = tutorial.png; sourceTree = "<group>"; };
		C5CF3C2F1900605100F9DCA8 /* page1Tutorial.png */ = {isa = PBXFileReference; lastKnownFileType = image.png; path = page1Tutorial.png; sourceTree = "<group>"; };
		C5CF3C33190065B100F9DCA8 /* tutorialPage2.png */ = {isa = PBXFileReference; lastKnownFileType = image.png; path = tutorialPage2.png; sourceTree = "<group>"; };
		C5CF3C351900755F00F9DCA8 /* Reachability.h */ = {isa = PBXFileReference; fileEncoding = 4; lastKnownFileType = sourcecode.c.h; path = Reachability.h; sourceTree = "<group>"; };
		C5CF3C361900756000F9DCA8 /* Reachability.m */ = {isa = PBXFileReference; fileEncoding = 4; lastKnownFileType = sourcecode.c.objc; path = Reachability.m; sourceTree = "<group>"; };
/* End PBXFileReference section */

/* Begin PBXFrameworksBuildPhase section */
		C5896FCC18CDF2620017DCFF /* Frameworks */ = {
			isa = PBXFrameworksBuildPhase;
			buildActionMask = 2147483647;
			files = (
				C5CF3BF318EBD04C00F9DCA8 /* ImageIO.framework in Frameworks */,
				C589704018D11ECA0017DCFF /* SystemConfiguration.framework in Frameworks */,
				C589703C18D11EAE0017DCFF /* Security.framework in Frameworks */,
				C589703A18D11EA20017DCFF /* QuartzCore.framework in Frameworks */,
				C589703818D11E940017DCFF /* CoreLocation.framework in Frameworks */,
				C589703618D11D740017DCFF /* MobileCoreServices.framework in Frameworks */,
				C589703418D11D5F0017DCFF /* libz.dylib in Frameworks */,
				C589703218D11D0E0017DCFF /* CFNetwork.framework in Frameworks */,
				C589703018D11CFB0017DCFF /* AudioToolbox.framework in Frameworks */,
				C5896FD518CDF2620017DCFF /* CoreGraphics.framework in Frameworks */,
				C5896FD918CDF2620017DCFF /* CoreData.framework in Frameworks */,
				C5896FD718CDF2620017DCFF /* UIKit.framework in Frameworks */,
				C5896FD318CDF2620017DCFF /* Foundation.framework in Frameworks */,
			);
			runOnlyForDeploymentPostprocessing = 0;
		};
		C5896FEC18CDF2620017DCFF /* Frameworks */ = {
			isa = PBXFrameworksBuildPhase;
			buildActionMask = 2147483647;
			files = (
				C5896FF118CDF2620017DCFF /* XCTest.framework in Frameworks */,
				C5896FF418CDF2630017DCFF /* CoreData.framework in Frameworks */,
				C5896FF318CDF2630017DCFF /* UIKit.framework in Frameworks */,
				C5896FF218CDF2620017DCFF /* Foundation.framework in Frameworks */,
			);
			runOnlyForDeploymentPostprocessing = 0;
		};
/* End PBXFrameworksBuildPhase section */

/* Begin PBXGroup section */
		C5896FC618CDF2620017DCFF = {
			isa = PBXGroup;
			children = (
				C5896FDA18CDF2620017DCFF /* CytoDb */,
				C5896FF718CDF2630017DCFF /* CytoDbTests */,
				C5896FD118CDF2620017DCFF /* Frameworks */,
				C5896FD018CDF2620017DCFF /* Products */,
			);
			sourceTree = "<group>";
		};
		C5896FD018CDF2620017DCFF /* Products */ = {
			isa = PBXGroup;
			children = (
				C5896FCF18CDF2620017DCFF /* CytoDb.app */,
				C5896FEF18CDF2620017DCFF /* CytoDbTests.xctest */,
			);
			name = Products;
			sourceTree = "<group>";
		};
		C5896FD118CDF2620017DCFF /* Frameworks */ = {
			isa = PBXGroup;
			children = (
				C5CF3BF218EBD04C00F9DCA8 /* ImageIO.framework */,
				C589703F18D11EC90017DCFF /* SystemConfiguration.framework */,
				C589703B18D11EAE0017DCFF /* Security.framework */,
				C589703918D11EA20017DCFF /* QuartzCore.framework */,
				C589703718D11E940017DCFF /* CoreLocation.framework */,
				C589703518D11D740017DCFF /* MobileCoreServices.framework */,
				C589703318D11D5F0017DCFF /* libz.dylib */,
				C589703118D11D0E0017DCFF /* CFNetwork.framework */,
				C589702F18D11CFB0017DCFF /* AudioToolbox.framework */,
				C5896FD218CDF2620017DCFF /* Foundation.framework */,
				C5896FD418CDF2620017DCFF /* CoreGraphics.framework */,
				C5896FD618CDF2620017DCFF /* UIKit.framework */,
				C5896FD818CDF2620017DCFF /* CoreData.framework */,
				C5896FF018CDF2620017DCFF /* XCTest.framework */,
			);
			name = Frameworks;
			sourceTree = "<group>";
		};
		C5896FDA18CDF2620017DCFF /* CytoDb */ = {
			isa = PBXGroup;
			children = (
				C5218E021901BC46003478DB /* CytoDb.entitlements */,
				C5896FE318CDF2620017DCFF /* CDBAppDelegate.h */,
				C5896FE418CDF2620017DCFF /* CDBAppDelegate.m */,
				C589701C18CE04B50017DCFF /* View Controller */,
				C5896FE918CDF2620017DCFF /* Images.xcassets */,
				C589701618CE00F20017DCFF /* Model */,
				C5896FDB18CDF2620017DCFF /* Supporting Files */,
			);
			path = CytoDb;
			sourceTree = "<group>";
		};
		C5896FDB18CDF2620017DCFF /* Supporting Files */ = {
			isa = PBXGroup;
			children = (
				C5CF3C2D190038CE00F9DCA8 /* tutorial.png */,
				C5CF3C2F1900605100F9DCA8 /* page1Tutorial.png */,
				C5CF3C2218EC587100F9DCA8 /* placeholder.png */,
				C5CF3C33190065B100F9DCA8 /* tutorialPage2.png */,
				C5896FDC18CDF2620017DCFF /* CytoDb-Info.plist */,
				C5A49D5018DA529100386491 /* icon@2x-01.png */,
				C5896FDD18CDF2620017DCFF /* InfoPlist.strings */,
				C5896FE018CDF2620017DCFF /* main.m */,
				C5896FE218CDF2620017DCFF /* CytoDb-Prefix.pch */,
			);
			name = "Supporting Files";
			sourceTree = "<group>";
		};
		C5896FF718CDF2630017DCFF /* CytoDbTests */ = {
			isa = PBXGroup;
			children = (
				C5896FFD18CDF2630017DCFF /* CytoDbTests.m */,
				C5896FF818CDF2630017DCFF /* Supporting Files */,
			);
			path = CytoDbTests;
			sourceTree = "<group>";
		};
		C5896FF818CDF2630017DCFF /* Supporting Files */ = {
			isa = PBXGroup;
			children = (
				C5896FF918CDF2630017DCFF /* CytoDbTests-Info.plist */,
				C5896FFA18CDF2630017DCFF /* InfoPlist.strings */,
			);
			name = "Supporting Files";
			sourceTree = "<group>";
		};
		C589701618CE00F20017DCFF /* Model */ = {
			isa = PBXGroup;
			children = (
				C5896FE618CDF2620017DCFF /* CytoDb.xcdatamodeld */,
				C5CF3C2418F5B5BE00F9DCA8 /* Features.h */,
				C5CF3C2518F5B5BE00F9DCA8 /* Features.m */,
				C515938E18D77CAF002EB250 /* Slide.h */,
				C515938F18D77CAF002EB250 /* Slide.m */,
				C515938B18D77CAF002EB250 /* Organ.h */,
				C515938C18D77CAF002EB250 /* Organ.m */,
				C515938818D77CAE002EB250 /* Condition.h */,
				C515938918D77CAE002EB250 /* Condition.m */,
			);
			name = Model;
			sourceTree = "<group>";
		};
		C589701C18CE04B50017DCFF /* View Controller */ = {
			isa = PBXGroup;
			children = (
				C589701718CE01CC0017DCFF /* Main.storyboard */,
				C589701918CE04A50017DCFF /* CDBOrganViewController.h */,
				C589701A18CE04A50017DCFF /* CDBOrganViewController.m */,
				C589701D18CE5DB50017DCFF /* CDBSlideViewController.h */,
				C589701E18CE5DB50017DCFF /* CDBSlideViewController.m */,
				C589702618D00F760017DCFF /* SlideViewController.h */,
				C589702718D00F760017DCFF /* SlideViewController.m */,
				C589702318CFC59D0017DCFF /* ImageViewController.h */,
				C589702418CFC59E0017DCFF /* ImageViewController.m */,
				C5CF3C351900755F00F9DCA8 /* Reachability.h */,
				C5CF3C361900756000F9DCA8 /* Reachability.m */,
				C5CF3C2118EBD77600F9DCA8 /* SDWebImage */,
			);
			name = "View Controller";
			sourceTree = "<group>";
		};
		C5CF3C2118EBD77600F9DCA8 /* SDWebImage */ = {
			isa = PBXGroup;
			children = (
				C5CF3BF618EBD52E00F9DCA8 /* MKAnnotationView+WebCache.h */,
				C5CF3BF718EBD52E00F9DCA8 /* MKAnnotationView+WebCache.m */,
				C5CF3BF818EBD52E00F9DCA8 /* NSData+ImageContentType.h */,
				C5CF3BF918EBD52E00F9DCA8 /* NSData+ImageContentType.m */,
				C5CF3BFA18EBD52E00F9DCA8 /* SDImageCache.h */,
				C5CF3BFB18EBD52E00F9DCA8 /* SDImageCache.m */,
				C5CF3BFC18EBD52E00F9DCA8 /* SDWebImageCompat.h */,
				C5CF3BFD18EBD52E00F9DCA8 /* SDWebImageCompat.m */,
				C5CF3BFE18EBD52E00F9DCA8 /* SDWebImageDecoder.h */,
				C5CF3BFF18EBD52E00F9DCA8 /* SDWebImageDecoder.m */,
				C5CF3C0018EBD52E00F9DCA8 /* SDWebImageDownloader.h */,
				C5CF3C0118EBD52E00F9DCA8 /* SDWebImageDownloader.m */,
				C5CF3C0218EBD52E00F9DCA8 /* SDWebImageDownloaderOperation.h */,
				C5CF3C0318EBD52E00F9DCA8 /* SDWebImageDownloaderOperation.m */,
				C5CF3C0418EBD52E00F9DCA8 /* SDWebImageManager.h */,
				C5CF3C0518EBD52E00F9DCA8 /* SDWebImageManager.m */,
				C5CF3C0618EBD52E00F9DCA8 /* SDWebImageOperation.h */,
				C5CF3C0718EBD52E00F9DCA8 /* SDWebImagePrefetcher.h */,
				C5CF3C0818EBD52E00F9DCA8 /* SDWebImagePrefetcher.m */,
				C5CF3C0918EBD52E00F9DCA8 /* UIButton+WebCache.h */,
				C5CF3C0A18EBD52E00F9DCA8 /* UIButton+WebCache.m */,
				C5CF3C0B18EBD52E00F9DCA8 /* UIImage+GIF.h */,
				C5CF3C0C18EBD52E00F9DCA8 /* UIImage+GIF.m */,
				C5CF3C0D18EBD52E00F9DCA8 /* UIImage+MultiFormat.h */,
				C5CF3C0E18EBD52E00F9DCA8 /* UIImage+MultiFormat.m */,
				C5CF3C0F18EBD52E00F9DCA8 /* UIImage+WebP.h */,
				C5CF3C1018EBD52E00F9DCA8 /* UIImage+WebP.m */,
				C5CF3C1118EBD52E00F9DCA8 /* UIImageView+WebCache.h */,
				C5CF3C1218EBD52E00F9DCA8 /* UIImageView+WebCache.m */,
			);
			name = SDWebImage;
			sourceTree = "<group>";
		};
/* End PBXGroup section */

/* Begin PBXNativeTarget section */
		C5896FCE18CDF2620017DCFF /* CytoDb */ = {
			isa = PBXNativeTarget;
			buildConfigurationList = C589700118CDF2630017DCFF /* Build configuration list for PBXNativeTarget "CytoDb" */;
			buildPhases = (
				C5896FCB18CDF2620017DCFF /* Sources */,
				C5896FCC18CDF2620017DCFF /* Frameworks */,
				C5896FCD18CDF2620017DCFF /* Resources */,
			);
			buildRules = (
			);
			dependencies = (
			);
			name = CytoDb;
			productName = CytoDb;
			productReference = C5896FCF18CDF2620017DCFF /* CytoDb.app */;
			productType = "com.apple.product-type.application";
		};
		C5896FEE18CDF2620017DCFF /* CytoDbTests */ = {
			isa = PBXNativeTarget;
			buildConfigurationList = C589700418CDF2630017DCFF /* Build configuration list for PBXNativeTarget "CytoDbTests" */;
			buildPhases = (
				C5896FEB18CDF2620017DCFF /* Sources */,
				C5896FEC18CDF2620017DCFF /* Frameworks */,
				C5896FED18CDF2620017DCFF /* Resources */,
			);
			buildRules = (
			);
			dependencies = (
				C5896FF618CDF2630017DCFF /* PBXTargetDependency */,
			);
			name = CytoDbTests;
			productName = CytoDbTests;
			productReference = C5896FEF18CDF2620017DCFF /* CytoDbTests.xctest */;
			productType = "com.apple.product-type.bundle.unit-test";
		};
/* End PBXNativeTarget section */

/* Begin PBXProject section */
		C5896FC718CDF2620017DCFF /* Project object */ = {
			isa = PBXProject;
			attributes = {
				CLASSPREFIX = CDB;
				LastUpgradeCheck = 0510;
				ORGANIZATIONNAME = Rifter;
				TargetAttributes = {
					C5896FCE18CDF2620017DCFF = {
						DevelopmentTeam = 5VK22XQ77P;
						SystemCapabilities = {
							com.apple.InAppPurchase = {
								enabled = 0;
							};
							com.apple.Passbook = {
								enabled = 0;
							};
						};
					};
					C5896FEE18CDF2620017DCFF = {
						TestTargetID = C5896FCE18CDF2620017DCFF;
					};
				};
			};
			buildConfigurationList = C5896FCA18CDF2620017DCFF /* Build configuration list for PBXProject "CytoDb" */;
			compatibilityVersion = "Xcode 3.2";
			developmentRegion = English;
			hasScannedForEncodings = 0;
			knownRegions = (
				en,
			);
			mainGroup = C5896FC618CDF2620017DCFF;
			productRefGroup = C5896FD018CDF2620017DCFF /* Products */;
			projectDirPath = "";
			projectRoot = "";
			targets = (
				C5896FCE18CDF2620017DCFF /* CytoDb */,
				C5896FEE18CDF2620017DCFF /* CytoDbTests */,
			);
		};
/* End PBXProject section */

/* Begin PBXResourcesBuildPhase section */
		C5896FCD18CDF2620017DCFF /* Resources */ = {
			isa = PBXResourcesBuildPhase;
			buildActionMask = 2147483647;
			files = (
				C589701818CE01CC0017DCFF /* Main.storyboard in Resources */,
				C5CF3C2318EC587100F9DCA8 /* placeholder.png in Resources */,
				C5CF3C301900605100F9DCA8 /* page1Tutorial.png in Resources */,
				C5896FDF18CDF2620017DCFF /* InfoPlist.strings in Resources */,
				C5CF3C2E190038CE00F9DCA8 /* tutorial.png in Resources */,
				C5A49D5118DA529100386491 /* icon@2x-01.png in Resources */,
				C5896FEA18CDF2620017DCFF /* Images.xcassets in Resources */,
				C5CF3C34190065B100F9DCA8 /* tutorialPage2.png in Resources */,
			);
			runOnlyForDeploymentPostprocessing = 0;
		};
		C5896FED18CDF2620017DCFF /* Resources */ = {
			isa = PBXResourcesBuildPhase;
			buildActionMask = 2147483647;
			files = (
				C5896FFC18CDF2630017DCFF /* InfoPlist.strings in Resources */,
			);
			runOnlyForDeploymentPostprocessing = 0;
		};
/* End PBXResourcesBuildPhase section */

/* Begin PBXSourcesBuildPhase section */
		C5896FCB18CDF2620017DCFF /* Sources */ = {
			isa = PBXSourcesBuildPhase;
			buildActionMask = 2147483647;
			files = (
				C5CF3C371900756000F9DCA8 /* Reachability.m in Sources */,
				C515938D18D77CAF002EB250 /* Organ.m in Sources */,
				C5CF3C1318EBD52E00F9DCA8 /* MKAnnotationView+WebCache.m in Sources */,
				C5CF3C2018EBD52E00F9DCA8 /* UIImageView+WebCache.m in Sources */,
				C589701F18CE5DB50017DCFF /* CDBSlideViewController.m in Sources */,
				C5CF3C1B18EBD52E00F9DCA8 /* SDWebImagePrefetcher.m in Sources */,
				C5CF3C1A18EBD52E00F9DCA8 /* SDWebImageManager.m in Sources */,
				C589701B18CE04A50017DCFF /* CDBOrganViewController.m in Sources */,
				C5896FE818CDF2620017DCFF /* CytoDb.xcdatamodeld in Sources */,
				C5CF3C1618EBD52E00F9DCA8 /* SDWebImageCompat.m in Sources */,
				C589702518CFC59E0017DCFF /* ImageViewController.m in Sources */,
				C5CF3C1718EBD52E00F9DCA8 /* SDWebImageDecoder.m in Sources */,
				C5CF3C1E18EBD52E00F9DCA8 /* UIImage+MultiFormat.m in Sources */,
				C5CF3C1F18EBD52E00F9DCA8 /* UIImage+WebP.m in Sources */,
				C5CF3C1918EBD52E00F9DCA8 /* SDWebImageDownloaderOperation.m in Sources */,
				C5CF3C1818EBD52E00F9DCA8 /* SDWebImageDownloader.m in Sources */,
				C5CF3C1D18EBD52E00F9DCA8 /* UIImage+GIF.m in Sources */,
				C589702818D00F760017DCFF /* SlideViewController.m in Sources */,
				C515938A18D77CAE002EB250 /* Condition.m in Sources */,
				C515939018D77CAF002EB250 /* Slide.m in Sources */,
				C5896FE518CDF2620017DCFF /* CDBAppDelegate.m in Sources */,
				C5CF3C1518EBD52E00F9DCA8 /* SDImageCache.m in Sources */,
				C5CF3C1C18EBD52E00F9DCA8 /* UIButton+WebCache.m in Sources */,
				C5CF3C2618F5B5BE00F9DCA8 /* Features.m in Sources */,
				C5CF3C1418EBD52E00F9DCA8 /* NSData+ImageContentType.m in Sources */,
				C5896FE118CDF2620017DCFF /* main.m in Sources */,
			);
			runOnlyForDeploymentPostprocessing = 0;
		};
		C5896FEB18CDF2620017DCFF /* Sources */ = {
			isa = PBXSourcesBuildPhase;
			buildActionMask = 2147483647;
			files = (
				C5896FFE18CDF2630017DCFF /* CytoDbTests.m in Sources */,
			);
			runOnlyForDeploymentPostprocessing = 0;
		};
/* End PBXSourcesBuildPhase section */

/* Begin PBXTargetDependency section */
		C5896FF618CDF2630017DCFF /* PBXTargetDependency */ = {
			isa = PBXTargetDependency;
			target = C5896FCE18CDF2620017DCFF /* CytoDb */;
			targetProxy = C5896FF518CDF2630017DCFF /* PBXContainerItemProxy */;
		};
/* End PBXTargetDependency section */

/* Begin PBXVariantGroup section */
		C5896FDD18CDF2620017DCFF /* InfoPlist.strings */ = {
			isa = PBXVariantGroup;
			children = (
				C5896FDE18CDF2620017DCFF /* en */,
			);
			name = InfoPlist.strings;
			sourceTree = "<group>";
		};
		C5896FFA18CDF2630017DCFF /* InfoPlist.strings */ = {
			isa = PBXVariantGroup;
			children = (
				C5896FFB18CDF2630017DCFF /* en */,
			);
			name = InfoPlist.strings;
			sourceTree = "<group>";
		};
/* End PBXVariantGroup section */

/* Begin XCBuildConfiguration section */
		C5896FFF18CDF2630017DCFF /* Debug */ = {
			isa = XCBuildConfiguration;
			buildSettings = {
				ALWAYS_SEARCH_USER_PATHS = NO;
				CLANG_CXX_LANGUAGE_STANDARD = "gnu++0x";
				CLANG_CXX_LIBRARY = "libc++";
				CLANG_ENABLE_MODULES = YES;
				CLANG_ENABLE_OBJC_ARC = YES;
				CLANG_WARN_BOOL_CONVERSION = YES;
				CLANG_WARN_CONSTANT_CONVERSION = YES;
				CLANG_WARN_DIRECT_OBJC_ISA_USAGE = YES_ERROR;
				CLANG_WARN_EMPTY_BODY = YES;
				CLANG_WARN_ENUM_CONVERSION = YES;
				CLANG_WARN_INT_CONVERSION = YES;
				CLANG_WARN_OBJC_ROOT_CLASS = YES_ERROR;
				CLANG_WARN__DUPLICATE_METHOD_MATCH = YES;
				"CODE_SIGN_IDENTITY[sdk=iphoneos*]" = "iPhone Developer";
				COPY_PHASE_STRIP = NO;
				GCC_C_LANGUAGE_STANDARD = gnu99;
				GCC_DYNAMIC_NO_PIC = NO;
				GCC_OPTIMIZATION_LEVEL = 0;
				GCC_PREPROCESSOR_DEFINITIONS = (
					"DEBUG=1",
					"$(inherited)",
				);
				GCC_SYMBOLS_PRIVATE_EXTERN = NO;
				GCC_WARN_64_TO_32_BIT_CONVERSION = YES;
				GCC_WARN_ABOUT_RETURN_TYPE = YES_ERROR;
				GCC_WARN_UNDECLARED_SELECTOR = YES;
				GCC_WARN_UNINITIALIZED_AUTOS = YES;
				GCC_WARN_UNUSED_FUNCTION = YES;
				GCC_WARN_UNUSED_VARIABLE = YES;
				IPHONEOS_DEPLOYMENT_TARGET = 7.0;
				ONLY_ACTIVE_ARCH = YES;
				SDKROOT = iphoneos;
			};
			name = Debug;
		};
		C589700018CDF2630017DCFF /* Release */ = {
			isa = XCBuildConfiguration;
			buildSettings = {
				ALWAYS_SEARCH_USER_PATHS = NO;
				CLANG_CXX_LANGUAGE_STANDARD = "gnu++0x";
				CLANG_CXX_LIBRARY = "libc++";
				CLANG_ENABLE_MODULES = YES;
				CLANG_ENABLE_OBJC_ARC = YES;
				CLANG_WARN_BOOL_CONVERSION = YES;
				CLANG_WARN_CONSTANT_CONVERSION = YES;
				CLANG_WARN_DIRECT_OBJC_ISA_USAGE = YES_ERROR;
				CLANG_WARN_EMPTY_BODY = YES;
				CLANG_WARN_ENUM_CONVERSION = YES;
				CLANG_WARN_INT_CONVERSION = YES;
				CLANG_WARN_OBJC_ROOT_CLASS = YES_ERROR;
				CLANG_WARN__DUPLICATE_METHOD_MATCH = YES;
				"CODE_SIGN_IDENTITY[sdk=iphoneos*]" = "iPhone Developer";
				COPY_PHASE_STRIP = YES;
				ENABLE_NS_ASSERTIONS = NO;
				GCC_C_LANGUAGE_STANDARD = gnu99;
				GCC_WARN_64_TO_32_BIT_CONVERSION = YES;
				GCC_WARN_ABOUT_RETURN_TYPE = YES_ERROR;
				GCC_WARN_UNDECLARED_SELECTOR = YES;
				GCC_WARN_UNINITIALIZED_AUTOS = YES;
				GCC_WARN_UNUSED_FUNCTION = YES;
				GCC_WARN_UNUSED_VARIABLE = YES;
				IPHONEOS_DEPLOYMENT_TARGET = 7.0;
				SDKROOT = iphoneos;
				VALIDATE_PRODUCT = YES;
			};
			name = Release;
		};
		C589700218CDF2630017DCFF /* Debug */ = {
			isa = XCBuildConfiguration;
			buildSettings = {
				ASSETCATALOG_COMPILER_APPICON_NAME = AppIcon;
				ASSETCATALOG_COMPILER_LAUNCHIMAGE_NAME = LaunchImage;
				CODE_SIGN_IDENTITY = "iPhone Developer";
				"CODE_SIGN_IDENTITY[sdk=iphoneos*]" = "iPhone Developer";
				FRAMEWORK_SEARCH_PATHS = (
					"$(inherited)",
					/Users/Bobby/Documents/iPhoneDevelopment/CytoDb,
					/Users/Bobby/Documents/iPhoneDevelopment,
				);
				GCC_PRECOMPILE_PREFIX_HEADER = YES;
				GCC_PREFIX_HEADER = "CytoDb/CytoDb-Prefix.pch";
				INFOPLIST_FILE = "CytoDb/CytoDb-Info.plist";
				OTHER_LDFLAGS = "";
				PRODUCT_NAME = "$(TARGET_NAME)";
				PROVISIONING_PROFILE = "";
				WRAPPER_EXTENSION = app;
			};
			name = Debug;
		};
		C589700318CDF2630017DCFF /* Release */ = {
			isa = XCBuildConfiguration;
			buildSettings = {
				ASSETCATALOG_COMPILER_APPICON_NAME = AppIcon;
				ASSETCATALOG_COMPILER_LAUNCHIMAGE_NAME = LaunchImage;
				CODE_SIGN_IDENTITY = "iPhone Developer";
				"CODE_SIGN_IDENTITY[sdk=iphoneos*]" = "iPhone Developer";
				FRAMEWORK_SEARCH_PATHS = (
					"$(inherited)",
					/Users/Bobby/Documents/iPhoneDevelopment/CytoDb,
					/Users/Bobby/Documents/iPhoneDevelopment,
				);
				GCC_PRECOMPILE_PREFIX_HEADER = YES;
				GCC_PREFIX_HEADER = "CytoDb/CytoDb-Prefix.pch";
				INFOPLIST_FILE = "CytoDb/CytoDb-Info.plist";
				OTHER_LDFLAGS = "";
				PRODUCT_NAME = "$(TARGET_NAME)";
				PROVISIONING_PROFILE = "";
				WRAPPER_EXTENSION = app;
			};
			name = Release;
		};
		C589700518CDF2630017DCFF /* Debug */ = {
			isa = XCBuildConfiguration;
			buildSettings = {
				BUNDLE_LOADER = "$(BUILT_PRODUCTS_DIR)/CytoDb.app/CytoDb";
				FRAMEWORK_SEARCH_PATHS = (
					"$(SDKROOT)/Developer/Library/Frameworks",
					"$(inherited)",
					"$(DEVELOPER_FRAMEWORKS_DIR)",
				);
				GCC_PRECOMPILE_PREFIX_HEADER = YES;
				GCC_PREFIX_HEADER = "CytoDb/CytoDb-Prefix.pch";
				GCC_PREPROCESSOR_DEFINITIONS = (
					"DEBUG=1",
					"$(inherited)",
				);
				INFOPLIST_FILE = "CytoDbTests/CytoDbTests-Info.plist";
				PRODUCT_NAME = "$(TARGET_NAME)";
				TEST_HOST = "$(BUNDLE_LOADER)";
				WRAPPER_EXTENSION = xctest;
			};
			name = Debug;
		};
		C589700618CDF2630017DCFF /* Release */ = {
			isa = XCBuildConfiguration;
			buildSettings = {
				BUNDLE_LOADER = "$(BUILT_PRODUCTS_DIR)/CytoDb.app/CytoDb";
				FRAMEWORK_SEARCH_PATHS = (
					"$(SDKROOT)/Developer/Library/Frameworks",
					"$(inherited)",
					"$(DEVELOPER_FRAMEWORKS_DIR)",
				);
				GCC_PRECOMPILE_PREFIX_HEADER = YES;
				GCC_PREFIX_HEADER = "CytoDb/CytoDb-Prefix.pch";
				INFOPLIST_FILE = "CytoDbTests/CytoDbTests-Info.plist";
				PRODUCT_NAME = "$(TARGET_NAME)";
				TEST_HOST = "$(BUNDLE_LOADER)";
				WRAPPER_EXTENSION = xctest;
			};
			name = Release;
		};
/* End XCBuildConfiguration section */

/* Begin XCConfigurationList section */
		C5896FCA18CDF2620017DCFF /* Build configuration list for PBXProject "CytoDb" */ = {
			isa = XCConfigurationList;
			buildConfigurations = (
				C5896FFF18CDF2630017DCFF /* Debug */,
				C589700018CDF2630017DCFF /* Release */,
			);
			defaultConfigurationIsVisible = 0;
			defaultConfigurationName = Release;
		};
		C589700118CDF2630017DCFF /* Build configuration list for PBXNativeTarget "CytoDb" */ = {
			isa = XCConfigurationList;
			buildConfigurations = (
				C589700218CDF2630017DCFF /* Debug */,
				C589700318CDF2630017DCFF /* Release */,
			);
			defaultConfigurationIsVisible = 0;
			defaultConfigurationName = Release;
		};
		C589700418CDF2630017DCFF /* Build configuration list for PBXNativeTarget "CytoDbTests" */ = {
			isa = XCConfigurationList;
			buildConfigurations = (
				C589700518CDF2630017DCFF /* Debug */,
				C589700618CDF2630017DCFF /* Release */,
			);
			defaultConfigurationIsVisible = 0;
			defaultConfigurationName = Release;
		};
/* End XCConfigurationList section */

/* Begin XCVersionGroup section */
		C5896FE618CDF2620017DCFF /* CytoDb.xcdatamodeld */ = {
			isa = XCVersionGroup;
			children = (
				C5896FE718CDF2620017DCFF /* CytoDb.xcdatamodel */,
			);
			currentVersion = C5896FE718CDF2620017DCFF /* CytoDb.xcdatamodel */;
			path = CytoDb.xcdatamodeld;
			sourceTree = "<group>";
			versionGroupType = wrapper.xcdatamodel;
		};
/* End XCVersionGroup section */
	};
	rootObject = C5896FC718CDF2620017DCFF /* Project object */;
}
